
Microsoft Visual Studio Solution File, Format Version 12.00
# Visual Studio Version 16
VisualStudioVersion = 16.0.30204.135
MinimumVisualStudioVersion = 10.0.40219.1
Project("{FAE04EC0-301F-11D3-BF4B-00C04F79EFBC}") = "MercuryTour.Net", "MercuryTour.Net.csproj", "{5CBDF1F5-3423-44EA-AA87-10BD485EABAB}"
EndProject
Global
	GlobalSection(SolutionConfigurationPlatforms) = preSolution
		Debug|Any CPU = Debug|Any CPU
		Release|Any CPU = Release|Any CPU
	EndGlobalSection
	GlobalSection(ProjectConfigurationPlatforms) = postSolution
		{5CBDF1F5-3423-44EA-AA87-10BD485EABAB}.Debug|Any CPU.ActiveCfg = Debug|Any CPU
		{5CBDF1F5-3423-44EA-AA87-10BD485EABAB}.Debug|Any CPU.Build.0 = Debug|Any CPU
		{5CBDF1F5-3423-44EA-AA87-10BD485EABAB}.Release|Any CPU.ActiveCfg = Release|Any CPU
		{5CBDF1F5-3423-44EA-AA87-10BD485EABAB}.Release|Any CPU.Build.0 = Release|Any CPU
	EndGlobalSection
	GlobalSection(SolutionProperties) = preSolution
		HideSolutionNode = FALSE
	EndGlobalSection
	GlobalSection(ExtensibilityGlobals) = postSolution
		SolutionGuid = {7B817E3C-3637-4A88-8759-A935B007E41B}
	EndGlobalSection
EndGlobal
